// !$*UTF8*$!
{
	archiveVersion = 1;
	classes = {
	};
	objectVersion = 50;
	objects = {

/* Begin PBXBuildFile section */
		63D2E0F2211AEA2800503D9F /* AppDelegate.m in Sources */ = {isa = PBXBuildFile; fileRef = 63D2E0F1211AEA2800503D9F /* AppDelegate.m */; };
		63D2E0F5211AEA2800503D9F /* ViewController.m in Sources */ = {isa = PBXBuildFile; fileRef = 63D2E0F4211AEA2800503D9F /* ViewController.m */; };
		63D2E0F8211AEA2800503D9F /* Main.storyboard in Resources */ = {isa = PBXBuildFile; fileRef = 63D2E0F6211AEA2800503D9F /* Main.storyboard */; };
		63D2E0FA211AEA2900503D9F /* Assets.xcassets in Resources */ = {isa = PBXBuildFile; fileRef = 63D2E0F9211AEA2900503D9F /* Assets.xcassets */; };
		63D2E0FD211AEA2900503D9F /* LaunchScreen.storyboard in Resources */ = {isa = PBXBuildFile; fileRef = 63D2E0FB211AEA2900503D9F /* LaunchScreen.storyboard */; };
		63D2E100211AEA2900503D9F /* main.m in Sources */ = {isa = PBXBuildFile; fileRef = 63D2E0FF211AEA2900503D9F /* main.m */; };
		63D2E10A211AEA2900503D9F /* GRPCTestTests.m in Sources */ = {isa = PBXBuildFile; fileRef = 63D2E109211AEA2900503D9F /* GRPCTestTests.m */; };
		63D2E115211AEA2900503D9F /* GRPCTestUITests.m in Sources */ = {isa = PBXBuildFile; fileRef = 63D2E114211AEA2900503D9F /* GRPCTestUITests.m */; };
/* End PBXBuildFile section */

/* Begin PBXContainerItemProxy section */
		63D2E106211AEA2900503D9F /* PBXContainerItemProxy */ = {
			isa = PBXContainerItemProxy;
			containerPortal = 63D2E0E5211AEA2800503D9F /* Project object */;
			proxyType = 1;
			remoteGlobalIDString = 63D2E0EC211AEA2800503D9F;
			remoteInfo = GRPCTest;
		};
		63D2E111211AEA2900503D9F /* PBXContainerItemProxy */ = {
			isa = PBXContainerItemProxy;
			containerPortal = 63D2E0E5211AEA2800503D9F /* Project object */;
			proxyType = 1;
			remoteGlobalIDString = 63D2E0EC211AEA2800503D9F;
			remoteInfo = GRPCTest;
		};
/* End PBXContainerItemProxy section */

/* Begin PBXFileReference section */
		63D2E0ED211AEA2800503D9F /* GRPCTest.app */ = {isa = PBXFileReference; explicitFileType = wrapper.application; includeInIndex = 0; path = GRPCTest.app; sourceTree = BUILT_PRODUCTS_DIR; };
		63D2E0F0211AEA2800503D9F /* AppDelegate.h */ = {isa = PBXFileReference; lastKnownFileType = sourcecode.c.h; path = AppDelegate.h; sourceTree = "<group>"; };
		63D2E0F1211AEA2800503D9F /* AppDelegate.m */ = {isa = PBXFileReference; lastKnownFileType = sourcecode.c.objc; path = AppDelegate.m; sourceTree = "<group>"; };
		63D2E0F3211AEA2800503D9F /* ViewController.h */ = {isa = PBXFileReference; lastKnownFileType = sourcecode.c.h; path = ViewController.h; sourceTree = "<group>"; };
		63D2E0F4211AEA2800503D9F /* ViewController.m */ = {isa = PBXFileReference; lastKnownFileType = sourcecode.c.objc; path = ViewController.m; sourceTree = "<group>"; };
		63D2E0F7211AEA2800503D9F /* Base */ = {isa = PBXFileReference; lastKnownFileType = file.storyboard; name = Base; path = Base.lproj/Main.storyboard; sourceTree = "<group>"; };
		63D2E0F9211AEA2900503D9F /* Assets.xcassets */ = {isa = PBXFileReference; lastKnownFileType = folder.assetcatalog; path = Assets.xcassets; sourceTree = "<group>"; };
		63D2E0FC211AEA2900503D9F /* Base */ = {isa = PBXFileReference; lastKnownFileType = file.storyboard; name = Base; path = Base.lproj/LaunchScreen.storyboard; sourceTree = "<group>"; };
		63D2E0FE211AEA2900503D9F /* Info.plist */ = {isa = PBXFileReference; lastKnownFileType = text.plist.xml; path = Info.plist; sourceTree = "<group>"; };
		63D2E0FF211AEA2900503D9F /* main.m */ = {isa = PBXFileReference; lastKnownFileType = sourcecode.c.objc; path = main.m; sourceTree = "<group>"; };
		63D2E105211AEA2900503D9F /* GRPCTestTests.xctest */ = {isa = PBXFileReference; explicitFileType = wrapper.cfbundle; includeInIndex = 0; path = GRPCTestTests.xctest; sourceTree = BUILT_PRODUCTS_DIR; };
		63D2E109211AEA2900503D9F /* GRPCTestTests.m */ = {isa = PBXFileReference; lastKnownFileType = sourcecode.c.objc; path = GRPCTestTests.m; sourceTree = "<group>"; };
		63D2E10B211AEA2900503D9F /* Info.plist */ = {isa = PBXFileReference; lastKnownFileType = text.plist.xml; path = Info.plist; sourceTree = "<group>"; };
		63D2E110211AEA2900503D9F /* GRPCTestUITests.xctest */ = {isa = PBXFileReference; explicitFileType = wrapper.cfbundle; includeInIndex = 0; path = GRPCTestUITests.xctest; sourceTree = BUILT_PRODUCTS_DIR; };
		63D2E114211AEA2900503D9F /* GRPCTestUITests.m */ = {isa = PBXFileReference; lastKnownFileType = sourcecode.c.objc; path = GRPCTestUITests.m; sourceTree = "<group>"; };
		63D2E116211AEA2900503D9F /* Info.plist */ = {isa = PBXFileReference; lastKnownFileType = text.plist.xml; path = Info.plist; sourceTree = "<group>"; };
/* End PBXFileReference section */

/* Begin PBXFrameworksBuildPhase section */
		63D2E0EA211AEA2800503D9F /* Frameworks */ = {
			isa = PBXFrameworksBuildPhase;
			buildActionMask = 2147483647;
			files = (
			);
			runOnlyForDeploymentPostprocessing = 0;
		};
		63D2E102211AEA2900503D9F /* Frameworks */ = {
			isa = PBXFrameworksBuildPhase;
			buildActionMask = 2147483647;
			files = (
			);
			runOnlyForDeploymentPostprocessing = 0;
		};
		63D2E10D211AEA2900503D9F /* Frameworks */ = {
			isa = PBXFrameworksBuildPhase;
			buildActionMask = 2147483647;
			files = (
			);
			runOnlyForDeploymentPostprocessing = 0;
		};
/* End PBXFrameworksBuildPhase section */

/* Begin PBXGroup section */
		63D2E0E4211AEA2800503D9F = {
			isa = PBXGroup;
			children = (
				63D2E0EF211AEA2800503D9F /* GRPCTest */,
				63D2E108211AEA2900503D9F /* GRPCTestTests */,
				63D2E113211AEA2900503D9F /* GRPCTestUITests */,
				63D2E0EE211AEA2800503D9F /* Products */,
			);
			sourceTree = "<group>";
		};
		63D2E0EE211AEA2800503D9F /* Products */ = {
			isa = PBXGroup;
			children = (
				63D2E0ED211AEA2800503D9F /* GRPCTest.app */,
				63D2E105211AEA2900503D9F /* GRPCTestTests.xctest */,
				63D2E110211AEA2900503D9F /* GRPCTestUITests.xctest */,
			);
			name = Products;
			sourceTree = "<group>";
		};
		63D2E0EF211AEA2800503D9F /* GRPCTest */ = {
			isa = PBXGroup;
			children = (
				63D2E0F0211AEA2800503D9F /* AppDelegate.h */,
				63D2E0F1211AEA2800503D9F /* AppDelegate.m */,
				63D2E0F3211AEA2800503D9F /* ViewController.h */,
				63D2E0F4211AEA2800503D9F /* ViewController.m */,
				63D2E0F6211AEA2800503D9F /* Main.storyboard */,
				63D2E0F9211AEA2900503D9F /* Assets.xcassets */,
				63D2E0FB211AEA2900503D9F /* LaunchScreen.storyboard */,
				63D2E0FE211AEA2900503D9F /* Info.plist */,
				63D2E0FF211AEA2900503D9F /* main.m */,
			);
			path = GRPCTest;
			sourceTree = "<group>";
		};
		63D2E108211AEA2900503D9F /* GRPCTestTests */ = {
			isa = PBXGroup;
			children = (
				63D2E109211AEA2900503D9F /* GRPCTestTests.m */,
				63D2E10B211AEA2900503D9F /* Info.plist */,
			);
			path = GRPCTestTests;
			sourceTree = "<group>";
		};
		63D2E113211AEA2900503D9F /* GRPCTestUITests */ = {
			isa = PBXGroup;
			children = (
				63D2E114211AEA2900503D9F /* GRPCTestUITests.m */,
				63D2E116211AEA2900503D9F /* Info.plist */,
			);
			path = GRPCTestUITests;
			sourceTree = "<group>";
		};
/* End PBXGroup section */

/* Begin PBXNativeTarget section */
		63D2E0EC211AEA2800503D9F /* GRPCTest */ = {
			isa = PBXNativeTarget;
			buildConfigurationList = 63D2E119211AEA2900503D9F /* Build configuration list for PBXNativeTarget "GRPCTest" */;
			buildPhases = (
				63D2E0E9211AEA2800503D9F /* Sources */,
				63D2E0EA211AEA2800503D9F /* Frameworks */,
				63D2E0EB211AEA2800503D9F /* Resources */,
			);
			buildRules = (
			);
			dependencies = (
			);
			name = GRPCTest;
			productName = GRPCTest;
			productReference = 63D2E0ED211AEA2800503D9F /* GRPCTest.app */;
			productType = "com.apple.product-type.application";
		};
		63D2E104211AEA2900503D9F /* GRPCTestTests */ = {
			isa = PBXNativeTarget;
			buildConfigurationList = 63D2E11C211AEA2900503D9F /* Build configuration list for PBXNativeTarget "GRPCTestTests" */;
			buildPhases = (
				63D2E101211AEA2900503D9F /* Sources */,
				63D2E102211AEA2900503D9F /* Frameworks */,
				63D2E103211AEA2900503D9F /* Resources */,
			);
			buildRules = (
			);
			dependencies = (
				63D2E107211AEA2900503D9F /* PBXTargetDependency */,
			);
			name = GRPCTestTests;
			productName = GRPCTestTests;
			productReference = 63D2E105211AEA2900503D9F /* GRPCTestTests.xctest */;
			productType = "com.apple.product-type.bundle.unit-test";
		};
		63D2E10F211AEA2900503D9F /* GRPCTestUITests */ = {
			isa = PBXNativeTarget;
			buildConfigurationList = 63D2E11F211AEA2900503D9F /* Build configuration list for PBXNativeTarget "GRPCTestUITests" */;
			buildPhases = (
				63D2E10C211AEA2900503D9F /* Sources */,
				63D2E10D211AEA2900503D9F /* Frameworks */,
				63D2E10E211AEA2900503D9F /* Resources */,
			);
			buildRules = (
			);
			dependencies = (
				63D2E112211AEA2900503D9F /* PBXTargetDependency */,
			);
			name = GRPCTestUITests;
			productName = GRPCTestUITests;
			productReference = 63D2E110211AEA2900503D9F /* GRPCTestUITests.xctest */;
			productType = "com.apple.product-type.bundle.ui-testing";
		};
/* End PBXNativeTarget section */

/* Begin PBXProject section */
		63D2E0E5211AEA2800503D9F /* Project object */ = {
			isa = PBXProject;
			attributes = {
				LastUpgradeCheck = 0940;
				ORGANIZATIONNAME = nongfadai;
				TargetAttributes = {
					63D2E0EC211AEA2800503D9F = {
						CreatedOnToolsVersion = 9.4.1;
					};
					63D2E104211AEA2900503D9F = {
						CreatedOnToolsVersion = 9.4.1;
						TestTargetID = 63D2E0EC211AEA2800503D9F;
					};
					63D2E10F211AEA2900503D9F = {
						CreatedOnToolsVersion = 9.4.1;
						TestTargetID = 63D2E0EC211AEA2800503D9F;
					};
				};
			};
			buildConfigurationList = 63D2E0E8211AEA2800503D9F /* Build configuration list for PBXProject "GRPCTest" */;
			compatibilityVersion = "Xcode 9.3";
			developmentRegion = en;
			hasScannedForEncodings = 0;
			knownRegions = (
				en,
				Base,
			);
			mainGroup = 63D2E0E4211AEA2800503D9F;
			productRefGroup = 63D2E0EE211AEA2800503D9F /* Products */;
			projectDirPath = "";
			projectRoot = "";
			targets = (
				63D2E0EC211AEA2800503D9F /* GRPCTest */,
				63D2E104211AEA2900503D9F /* GRPCTestTests */,
				63D2E10F211AEA2900503D9F /* GRPCTestUITests */,
			);
		};
/* End PBXProject section */

/* Begin PBXResourcesBuildPhase section */
		63D2E0EB211AEA2800503D9F /* Resources */ = {
			isa = PBXResourcesBuildPhase;
			buildActionMask = 2147483647;
			files = (
				63D2E0FD211AEA2900503D9F /* LaunchScreen.storyboard in Resources */,
				63D2E0FA211AEA2900503D9F /* Assets.xcassets in Resources */,
				63D2E0F8211AEA2800503D9F /* Main.storyboard in Resources */,
			);
			runOnlyForDeploymentPostprocessing = 0;
		};
		63D2E103211AEA2900503D9F /* Resources */ = {
			isa = PBXResourcesBuildPhase;
			buildActionMask = 2147483647;
			files = (
			);
			runOnlyForDeploymentPostprocessing = 0;
		};
		63D2E10E211AEA2900503D9F /* Resources */ = {
			isa = PBXResourcesBuildPhase;
			buildActionMask = 2147483647;
			files = (
			);
			runOnlyForDeploymentPostprocessing = 0;
		};
/* End PBXResourcesBuildPhase section */

/* Begin PBXSourcesBuildPhase section */
		63D2E0E9211AEA2800503D9F /* Sources */ = {
			isa = PBXSourcesBuildPhase;
			buildActionMask = 2147483647;
			files = (
				63D2E0F5211AEA2800503D9F /* ViewController.m in Sources */,
				63D2E100211AEA2900503D9F /* main.m in Sources */,
				63D2E0F2211AEA2800503D9F /* AppDelegate.m in Sources */,
			);
			runOnlyForDeploymentPostprocessing = 0;
		};
		63D2E101211AEA2900503D9F /* Sources */ = {
			isa = PBXSourcesBuildPhase;
			buildActionMask = 2147483647;
			files = (
				63D2E10A211AEA2900503D9F /* GRPCTestTests.m in Sources */,
			);
			runOnlyForDeploymentPostprocessing = 0;
		};
		63D2E10C211AEA2900503D9F /* Sources */ = {
			isa = PBXSourcesBuildPhase;
			buildActionMask = 2147483647;
			files = (
				63D2E115211AEA2900503D9F /* GRPCTestUITests.m in Sources */,
			);
			runOnlyForDeploymentPostprocessing = 0;
		};
/* End PBXSourcesBuildPhase section */

/* Begin PBXTargetDependency section */
		63D2E107211AEA2900503D9F /* PBXTargetDependency */ = {
			isa = PBXTargetDependency;
			target = 63D2E0EC211AEA2800503D9F /* GRPCTest */;
			targetProxy = 63D2E106211AEA2900503D9F /* PBXContainerItemProxy */;
		};
		63D2E112211AEA2900503D9F /* PBXTargetDependency */ = {
			isa = PBXTargetDependency;
			target = 63D2E0EC211AEA2800503D9F /* GRPCTest */;
			targetProxy = 63D2E111211AEA2900503D9F /* PBXContainerItemProxy */;
		};
/* End PBXTargetDependency section */

/* Begin PBXVariantGroup section */
		63D2E0F6211AEA2800503D9F /* Main.storyboard */ = {
			isa = PBXVariantGroup;
			children = (
				63D2E0F7211AEA2800503D9F /* Base */,
			);
			name = Main.storyboard;
			sourceTree = "<group>";
		};
		63D2E0FB211AEA2900503D9F /* LaunchScreen.storyboard */ = {
			isa = PBXVariantGroup;
			children = (
				63D2E0FC211AEA2900503D9F /* Base */,
			);
			name = LaunchScreen.storyboard;
			sourceTree = "<group>";
		};
/* End PBXVariantGroup section */

/* Begin XCBuildConfiguration section */
		63D2E117211AEA2900503D9F /* Debug */ = {
			isa = XCBuildConfiguration;
			buildSettings = {
				ALWAYS_SEARCH_USER_PATHS = NO;
				CLANG_ANALYZER_NONNULL = YES;
				CLANG_ANALYZER_NUMBER_OBJECT_CONVERSION = YES_AGGRESSIVE;
				CLANG_CXX_LANGUAGE_STANDARD = "gnu++14";
				CLANG_CXX_LIBRARY = "libc++";
				CLANG_ENABLE_MODULES = YES;
				CLANG_ENABLE_OBJC_ARC = YES;
				CLANG_ENABLE_OBJC_WEAK = YES;
				CLANG_WARN_BLOCK_CAPTURE_AUTORELEASING = YES;
				CLANG_WARN_BOOL_CONVERSION = YES;
				CLANG_WARN_COMMA = YES;
				CLANG_WARN_CONSTANT_CONVERSION = YES;
				CLANG_WARN_DEPRECATED_OBJC_IMPLEMENTATIONS = YES;
				CLANG_WARN_DIRECT_OBJC_ISA_USAGE = YES_ERROR;
				CLANG_WARN_DOCUMENTATION_COMMENTS = YES;
				CLANG_WARN_EMPTY_BODY = YES;
				CLANG_WARN_ENUM_CONVERSION = YES;
				CLANG_WARN_INFINITE_RECURSION = YES;
				CLANG_WARN_INT_CONVERSION = YES;
				CLANG_WARN_NON_LITERAL_NULL_CONVERSION = YES;
				CLANG_WARN_OBJC_IMPLICIT_RETAIN_SELF = YES;
				CLANG_WARN_OBJC_LITERAL_CONVERSION = YES;
				CLANG_WARN_OBJC_ROOT_CLASS = YES_ERROR;
				CLANG_WARN_RANGE_LOOP_ANALYSIS = YES;
				CLANG_WARN_STRICT_PROTOTYPES = YES;
				CLANG_WARN_SUSPICIOUS_MOVE = YES;
				CLANG_WARN_UNGUARDED_AVAILABILITY = YES_AGGRESSIVE;
				CLANG_WARN_UNREACHABLE_CODE = YES;
				CLANG_WARN__DUPLICATE_METHOD_MATCH = YES;
				CODE_SIGN_IDENTITY = "iPhone Developer";
				COPY_PHASE_STRIP = NO;
				DEBUG_INFORMATION_FORMAT = dwarf;
				ENABLE_STRICT_OBJC_MSGSEND = YES;
				ENABLE_TESTABILITY = YES;
				GCC_C_LANGUAGE_STANDARD = gnu11;
				GCC_DYNAMIC_NO_PIC = NO;
				GCC_NO_COMMON_BLOCKS = YES;
				GCC_OPTIMIZATION_LEVEL = 0;
				GCC_PREPROCESSOR_DEFINITIONS = (
					"DEBUG=1",
					"$(inherited)",
				);
				GCC_WARN_64_TO_32_BIT_CONVERSION = YES;
				GCC_WARN_ABOUT_RETURN_TYPE = YES_ERROR;
				GCC_WARN_UNDECLARED_SELECTOR = YES;
				GCC_WARN_UNINITIALIZED_AUTOS = YES_AGGRESSIVE;
				GCC_WARN_UNUSED_FUNCTION = YES;
				GCC_WARN_UNUSED_VARIABLE = YES;
				IPHONEOS_DEPLOYMENT_TARGET = 11.4;
				MTL_ENABLE_DEBUG_INFO = YES;
				ONLY_ACTIVE_ARCH = YES;
				SDKROOT = iphoneos;
			};
			name = Debug;
		};
		63D2E118211AEA2900503D9F /* Release */ = {
			isa = XCBuildConfiguration;
			buildSettings = {
				ALWAYS_SEARCH_USER_PATHS = NO;
				CLANG_ANALYZER_NONNULL = YES;
				CLANG_ANALYZER_NUMBER_OBJECT_CONVERSION = YES_AGGRESSIVE;
				CLANG_CXX_LANGUAGE_STANDARD = "gnu++14";
				CLANG_CXX_LIBRARY = "libc++";
				CLANG_ENABLE_MODULES = YES;
				CLANG_ENABLE_OBJC_ARC = YES;
				CLANG_ENABLE_OBJC_WEAK = YES;
				CLANG_WARN_BLOCK_CAPTURE_AUTORELEASING = YES;
				CLANG_WARN_BOOL_CONVERSION = YES;
				CLANG_WARN_COMMA = YES;
				CLANG_WARN_CONSTANT_CONVERSION = YES;
				CLANG_WARN_DEPRECATED_OBJC_IMPLEMENTATIONS = YES;
				CLANG_WARN_DIRECT_OBJC_ISA_USAGE = YES_ERROR;
				CLANG_WARN_DOCUMENTATION_COMMENTS = YES;
				CLANG_WARN_EMPTY_BODY = YES;
				CLANG_WARN_ENUM_CONVERSION = YES;
				CLANG_WARN_INFINITE_RECURSION = YES;
				CLANG_WARN_INT_CONVERSION = YES;
				CLANG_WARN_NON_LITERAL_NULL_CONVERSION = YES;
				CLANG_WARN_OBJC_IMPLICIT_RETAIN_SELF = YES;
				CLANG_WARN_OBJC_LITERAL_CONVERSION = YES;
				CLANG_WARN_OBJC_ROOT_CLASS = YES_ERROR;
				CLANG_WARN_RANGE_LOOP_ANALYSIS = YES;
				CLANG_WARN_STRICT_PROTOTYPES = YES;
				CLANG_WARN_SUSPICIOUS_MOVE = YES;
				CLANG_WARN_UNGUARDED_AVAILABILITY = YES_AGGRESSIVE;
				CLANG_WARN_UNREACHABLE_CODE = YES;
				CLANG_WARN__DUPLICATE_METHOD_MATCH = YES;
				CODE_SIGN_IDENTITY = "iPhone Developer";
				COPY_PHASE_STRIP = NO;
				DEBUG_INFORMATION_FORMAT = "dwarf-with-dsym";
				ENABLE_NS_ASSERTIONS = NO;
				ENABLE_STRICT_OBJC_MSGSEND = YES;
				GCC_C_LANGUAGE_STANDARD = gnu11;
				GCC_NO_COMMON_BLOCKS = YES;
				GCC_WARN_64_TO_32_BIT_CONVERSION = YES;
				GCC_WARN_ABOUT_RETURN_TYPE = YES_ERROR;
				GCC_WARN_UNDECLARED_SELECTOR = YES;
				GCC_WARN_UNINITIALIZED_AUTOS = YES_AGGRESSIVE;
				GCC_WARN_UNUSED_FUNCTION = YES;
				GCC_WARN_UNUSED_VARIABLE = YES;
				IPHONEOS_DEPLOYMENT_TARGET = 11.4;
				MTL_ENABLE_DEBUG_INFO = NO;
				SDKROOT = iphoneos;
				VALIDATE_PRODUCT = YES;
			};
			name = Release;
		};
		63D2E11A211AEA2900503D9F /* Debug */ = {
			isa = XCBuildConfiguration;
			buildSettings = {
				ASSETCATALOG_COMPILER_APPICON_NAME = AppIcon;
				CODE_SIGN_STYLE = Automatic;
				DEVELOPMENT_TEAM = KB9J24KX8K;
				INFOPLIST_FILE = GRPCTest/Info.plist;
				LD_RUNPATH_SEARCH_PATHS = (
					"$(inherited)",
					"@executable_path/Frameworks",
				);
				PRODUCT_BUNDLE_IDENTIFIER = com.nongfadai.GRPCTest;
				PRODUCT_NAME = "$(TARGET_NAME)";
				TARGETED_DEVICE_FAMILY = "1,2";
			};
			name = Debug;
		};
		63D2E11B211AEA2900503D9F /* Release */ = {
			isa = XCBuildConfiguration;
			buildSettings = {
				ASSETCATALOG_COMPILER_APPICON_NAME = AppIcon;
				CODE_SIGN_STYLE = Automatic;
				DEVELOPMENT_TEAM = KB9J24KX8K;
				INFOPLIST_FILE = GRPCTest/Info.plist;
				LD_RUNPATH_SEARCH_PATHS = (
					"$(inherited)",
					"@executable_path/Frameworks",
				);
				PRODUCT_BUNDLE_IDENTIFIER = com.nongfadai.GRPCTest;
				PRODUCT_NAME = "$(TARGET_NAME)";
				TARGETED_DEVICE_FAMILY = "1,2";
			};
			name = Release;
		};
		63D2E11D211AEA2900503D9F /* Debug */ = {
			isa = XCBuildConfiguration;
			buildSettings = {
				BUNDLE_LOADER = "$(TEST_HOST)";
				CODE_SIGN_STYLE = Automatic;
				INFOPLIST_FILE = GRPCTestTests/Info.plist;
				LD_RUNPATH_SEARCH_PATHS = (
					"$(inherited)",
					"@executable_path/Frameworks",
					"@loader_path/Frameworks",
				);
				PRODUCT_BUNDLE_IDENTIFIER = com.nongfadai.gammatest.GRPCTestTests;
				PRODUCT_NAME = "$(TARGET_NAME)";
				TARGETED_DEVICE_FAMILY = "1,2";
				TEST_HOST = "$(BUILT_PRODUCTS_DIR)/GRPCTest.app/GRPCTest";
			};
			name = Debug;
		};
		63D2E11E211AEA2900503D9F /* Release */ = {
			isa = XCBuildConfiguration;
			buildSettings = {
				BUNDLE_LOADER = "$(TEST_HOST)";
				CODE_SIGN_STYLE = Automatic;
				INFOPLIST_FILE = GRPCTestTests/Info.plist;
				LD_RUNPATH_SEARCH_PATHS = (
					"$(inherited)",
					"@executable_path/Frameworks",
					"@loader_path/Frameworks",
				);
				PRODUCT_BUNDLE_IDENTIFIER = com.nongfadai.gammatest.GRPCTestTests;
				PRODUCT_NAME = "$(TARGET_NAME)";
				TARGETED_DEVICE_FAMILY = "1,2";
				TEST_HOST = "$(BUILT_PRODUCTS_DIR)/GRPCTest.app/GRPCTest";
			};
			name = Release;
		};
		63D2E120211AEA2900503D9F /* Debug */ = {
			isa = XCBuildConfiguration;
			buildSettings = {
				CODE_SIGN_STYLE = Automatic;
				INFOPLIST_FILE = GRPCTestUITests/Info.plist;
				LD_RUNPATH_SEARCH_PATHS = (
					"$(inherited)",
					"@executable_path/Frameworks",
					"@loader_path/Frameworks",
				);
				PRODUCT_BUNDLE_IDENTIFIER = com.nongfadai.gammatest.GRPCTestUITests;
				PRODUCT_NAME = "$(TARGET_NAME)";
				TARGETED_DEVICE_FAMILY = "1,2";
				TEST_TARGET_NAME = GRPCTest;
			};
			name = Debug;
		};
		63D2E121211AEA2900503D9F /* Release */ = {
			isa = XCBuildConfiguration;
			buildSettings = {
				CODE_SIGN_STYLE = Automatic;
				INFOPLIST_FILE = GRPCTestUITests/Info.plist;
				LD_RUNPATH_SEARCH_PATHS = (
					"$(inherited)",
					"@executable_path/Frameworks",
					"@loader_path/Frameworks",
				);
				PRODUCT_BUNDLE_IDENTIFIER = com.nongfadai.gammatest.GRPCTestUITests;
				PRODUCT_NAME = "$(TARGET_NAME)";
				TARGETED_DEVICE_FAMILY = "1,2";
				TEST_TARGET_NAME = GRPCTest;
			};
			name = Release;
		};
/* End XCBuildConfiguration section */

/* Begin XCConfigurationList section */
		63D2E0E8211AEA2800503D9F /* Build configuration list for PBXProject "GRPCTest" */ = {
			isa = XCConfigurationList;
			buildConfigurations = (
				63D2E117211AEA2900503D9F /* Debug */,
				63D2E118211AEA2900503D9F /* Release */,
			);
			defaultConfigurationIsVisible = 0;
			defaultConfigurationName = Release;
		};
		63D2E119211AEA2900503D9F /* Build configuration list for PBXNativeTarget "GRPCTest" */ = {
			isa = XCConfigurationList;
			buildConfigurations = (
				63D2E11A211AEA2900503D9F /* Debug */,
				63D2E11B211AEA2900503D9F /* Release */,
			);
			defaultConfigurationIsVisible = 0;
			defaultConfigurationName = Release;
		};
		63D2E11C211AEA2900503D9F /* Build configuration list for PBXNativeTarget "GRPCTestTests" */ = {
			isa = XCConfigurationList;
			buildConfigurations = (
				63D2E11D211AEA2900503D9F /* Debug */,
				63D2E11E211AEA2900503D9F /* Release */,
			);
			defaultConfigurationIsVisible = 0;
			defaultConfigurationName = Release;
		};
		63D2E11F211AEA2900503D9F /* Build configuration list for PBXNativeTarget "GRPCTestUITests" */ = {
			isa = XCConfigurationList;
			buildConfigurations = (
				63D2E120211AEA2900503D9F /* Debug */,
				63D2E121211AEA2900503D9F /* Release */,
			);
			defaultConfigurationIsVisible = 0;
			defaultConfigurationName = Release;
		};
/* End XCConfigurationList section */
	};
	rootObject = 63D2E0E5211AEA2800503D9F /* Project object */;
}
